
Microsoft Visual Studio Solution File, Format Version 12.00
# Visual Studio Version 17
VisualStudioVersion = 17.0.32112.339
MinimumVisualStudioVersion = 10.0.40219.1
Project("{FAE04EC0-301F-11D3-BF4B-00C04F79EFBC}") = "LibraryWebApp", "LibraryWebApp\LibraryWebApp.csproj", "{65908A8B-94AB-4AF6-8CD4-5B4833DDAF22}"
EndProject
Global
	GlobalSection(SolutionConfigurationPlatforms) = preSolution
		Debug|Any CPU = Debug|Any CPU
		Release|Any CPU = Release|Any CPU
	EndGlobalSection
	GlobalSection(ProjectConfigurationPlatforms) = postSolution
		{65908A8B-94AB-4AF6-8CD4-5B4833DDAF22}.Debug|Any CPU.ActiveCfg = Debug|Any CPU
		{65908A8B-94AB-4AF6-8CD4-5B4833DDAF22}.Debug|Any CPU.Build.0 = Debug|Any CPU
		{65908A8B-94AB-4AF6-8CD4-5B4833DDAF22}.Release|Any CPU.ActiveCfg = Release|Any CPU
		{65908A8B-94AB-4AF6-8CD4-5B4833DDAF22}.Release|Any CPU.Build.0 = Release|Any CPU
	EndGlobalSection
	GlobalSection(SolutionProperties) = preSolution
		HideSolutionNode = FALSE
	EndGlobalSection
	GlobalSection(ExtensibilityGlobals) = postSolution
		SolutionGuid = {FD982246-87A0-44C5-9A79-423B60F19118}
	EndGlobalSection
EndGlobal
